# This file was autogenerated by Stack.
# You should not edit this file by hand.
# For more information, please see the documentation at:
#   https://docs.haskellstack.org/en/stable/lock_files

packages:
- completed:
    hackage: grisette-0.4.0.0@sha256:4b57834547bb0a59a1c98fd9a0df81f08cece5e166303a9ee7e6d520316ea8bd,10752
    pantry-tree:
      sha256: e8c1d19920e6da3c8947ca644dd17af0ac72eb1879b918b3898387dc6868a217
      size: 12335
  original:
    hackage: grisette-0.4.0.0
snapshots:
- completed:
    sha256: 64d66303f927e87ffe6b8ccf736229bf608731e80d7afdf62bdd63c59f857740
    size: 640037
    url: https://raw.githubusercontent.com/commercialhaskell/stackage-snapshots/master/lts/21/11.yaml
  original: lts-21.11
